
Microsoft Visual Studio Solution File, Format Version 12.00
# Visual Studio Version 16
VisualStudioVersion = 16.0.31321.278
MinimumVisualStudioVersion = 10.0.40219.1
Project("{FAE04EC0-301F-11D3-BF4B-00C04F79EFBC}") = "SalesDbToSqlLib", "SalesDbToSqlLib\SalesDbToSqlLib.csproj", "{EACBB1FD-0E5C-4998-AA9E-C11B9973EC96}"
EndProject
Project("{FAE04EC0-301F-11D3-BF4B-00C04F79EFBC}") = "TestSalesDbToSql", "TestSalesDbToSql\TestSalesDbToSql.csproj", "{933280D8-BD2C-45FB-8942-BAFCCA8C0FD5}"
EndProject
Global
	GlobalSection(SolutionConfigurationPlatforms) = preSolution
		Debug|Any CPU = Debug|Any CPU
		Release|Any CPU = Release|Any CPU
	EndGlobalSection
	GlobalSection(ProjectConfigurationPlatforms) = postSolution
		{EACBB1FD-0E5C-4998-AA9E-C11B9973EC96}.Debug|Any CPU.ActiveCfg = Debug|Any CPU
		{EACBB1FD-0E5C-4998-AA9E-C11B9973EC96}.Debug|Any CPU.Build.0 = Debug|Any CPU
		{EACBB1FD-0E5C-4998-AA9E-C11B9973EC96}.Release|Any CPU.ActiveCfg = Release|Any CPU
		{EACBB1FD-0E5C-4998-AA9E-C11B9973EC96}.Release|Any CPU.Build.0 = Release|Any CPU
		{933280D8-BD2C-45FB-8942-BAFCCA8C0FD5}.Debug|Any CPU.ActiveCfg = Debug|Any CPU
		{933280D8-BD2C-45FB-8942-BAFCCA8C0FD5}.Debug|Any CPU.Build.0 = Debug|Any CPU
		{933280D8-BD2C-45FB-8942-BAFCCA8C0FD5}.Release|Any CPU.ActiveCfg = Release|Any CPU
		{933280D8-BD2C-45FB-8942-BAFCCA8C0FD5}.Release|Any CPU.Build.0 = Release|Any CPU
	EndGlobalSection
	GlobalSection(SolutionProperties) = preSolution
		HideSolutionNode = FALSE
	EndGlobalSection
	GlobalSection(ExtensibilityGlobals) = postSolution
		SolutionGuid = {D16224CC-4DCD-4DBF-B987-030A70565118}
	EndGlobalSection
EndGlobal
